[[package]]
name = "aligned"
version = "0.2.0"
source = "registry+https://github.com/rust-lang/crates.io-index"

[[package]]
name = "bare-metal"
version = "0.2.0"
source = "registry+https://github.com/rust-lang/crates.io-index"

[[package]]
name = "byteorder"
version = "1.2.3"
source = "registry+https://github.com/rust-lang/crates.io-index"

[[package]]
name = "cast"
version = "0.2.2"
source = "registry+https://github.com/rust-lang/crates.io-index"

[[package]]
name = "cc"
version = "1.0.15"
source = "registry+https://github.com/rust-lang/crates.io-index"

[[package]]
name = "cortex-m"
version = "0.5.2"
source = "registry+https://github.com/rust-lang/crates.io-index"
dependencies = [
 "aligned 0.2.0 (registry+https://github.com/rust-lang/crates.io-index)",
 "bare-metal 0.2.0 (registry+https://github.com/rust-lang/crates.io-index)",
 "cc 1.0.15 (registry+https://github.com/rust-lang/crates.io-index)",
 "volatile-register 0.2.0 (registry+https://github.com/rust-lang/crates.io-index)",
]

[[package]]
name = "cortex-m-rt"
version = "0.5.1"
source = "registry+https://github.com/rust-lang/crates.io-index"
dependencies = [
 "cc 1.0.15 (registry+https://github.com/rust-lang/crates.io-index)",
 "r0 0.2.2 (registry+https://github.com/rust-lang/crates.io-index)",
]

[[package]]
name = "cortex-m-semihosting"
version = "0.3.0"
source = "registry+https://github.com/rust-lang/crates.io-index"
dependencies = [
 "cc 1.0.15 (registry+https://github.com/rust-lang/crates.io-index)",
]

[[package]]
name = "embedded-hal"
version = "0.1.3"
source = "registry+https://github.com/rust-lang/crates.io-index"
dependencies = [
 "embedded-hal 0.2.1 (registry+https://github.com/rust-lang/crates.io-index)",
 "nb 0.1.1 (registry+https://github.com/rust-lang/crates.io-index)",
]

[[package]]
name = "embedded-hal"
version = "0.2.1"
source = "registry+https://github.com/rust-lang/crates.io-index"
dependencies = [
 "nb 0.1.1 (registry+https://github.com/rust-lang/crates.io-index)",
 "void 1.0.2 (registry+https://github.com/rust-lang/crates.io-index)",
]

[[package]]
name = "generic-array"
version = "0.11.0"
source = "registry+https://github.com/rust-lang/crates.io-index"
dependencies = [
 "typenum 1.10.0 (registry+https://github.com/rust-lang/crates.io-index)",
]

[[package]]
name = "hash32"
version = "0.1.0"
source = "registry+https://github.com/rust-lang/crates.io-index"
dependencies = [
 "byteorder 1.2.3 (registry+https://github.com/rust-lang/crates.io-index)",
]

[[package]]
name = "heapless"
version = "0.3.6"
source = "registry+https://github.com/rust-lang/crates.io-index"
dependencies = [
 "generic-array 0.11.0 (registry+https://github.com/rust-lang/crates.io-index)",
 "hash32 0.1.0 (registry+https://github.com/rust-lang/crates.io-index)",
]

[[package]]
name = "light-cli"
version = "0.1.0"
source = "git+https://github.com/rudihorn/light-cli#53c0d604439a818f1c8b5b734a32c644a2f97a2b"
dependencies = [
 "embedded-hal 0.1.3 (registry+https://github.com/rust-lang/crates.io-index)",
 "heapless 0.3.6 (registry+https://github.com/rust-lang/crates.io-index)",
 "nb 0.1.1 (registry+https://github.com/rust-lang/crates.io-index)",
]

[[package]]
name = "max31865"
version = "0.1.0"
dependencies = [
 "embedded-hal 0.2.1 (registry+https://github.com/rust-lang/crates.io-index)",
]

[[package]]
name = "nb"
version = "0.1.1"
source = "registry+https://github.com/rust-lang/crates.io-index"

[[package]]
name = "panic-abort"
version = "0.1.1"
source = "registry+https://github.com/rust-lang/crates.io-index"

[[package]]
name = "panic-itm"
version = "0.1.1"
source = "registry+https://github.com/rust-lang/crates.io-index"
dependencies = [
 "aligned 0.2.0 (registry+https://github.com/rust-lang/crates.io-index)",
 "cortex-m 0.5.2 (registry+https://github.com/rust-lang/crates.io-index)",
]

[[package]]
name = "panic-semihosting"
version = "0.2.0"
source = "registry+https://github.com/rust-lang/crates.io-index"
dependencies = [
 "cortex-m 0.5.2 (registry+https://github.com/rust-lang/crates.io-index)",
 "cortex-m-semihosting 0.3.0 (registry+https://github.com/rust-lang/crates.io-index)",
]

[[package]]
name = "r0"
version = "0.2.2"
source = "registry+https://github.com/rust-lang/crates.io-index"

[[package]]
name = "stm32f103xx"
version = "0.10.0"
source = "registry+https://github.com/rust-lang/crates.io-index"
dependencies = [
 "bare-metal 0.2.0 (registry+https://github.com/rust-lang/crates.io-index)",
 "cortex-m 0.5.2 (registry+https://github.com/rust-lang/crates.io-index)",
 "vcell 0.1.0 (registry+https://github.com/rust-lang/crates.io-index)",
]

[[package]]
name = "stm32f103xx-hal"
version = "0.1.0"
source = "git+https://github.com/japaric/stm32f103xx-hal#a25fb6276a81b51528761fa44d42df89cf6034e0"
dependencies = [
 "cast 0.2.2 (registry+https://github.com/rust-lang/crates.io-index)",
 "cortex-m 0.5.2 (registry+https://github.com/rust-lang/crates.io-index)",
 "cortex-m-rt 0.5.1 (registry+https://github.com/rust-lang/crates.io-index)",
 "embedded-hal 0.2.1 (registry+https://github.com/rust-lang/crates.io-index)",
 "nb 0.1.1 (registry+https://github.com/rust-lang/crates.io-index)",
 "panic-itm 0.1.1 (registry+https://github.com/rust-lang/crates.io-index)",
 "panic-semihosting 0.2.0 (registry+https://github.com/rust-lang/crates.io-index)",
 "stm32f103xx 0.10.0 (registry+https://github.com/rust-lang/crates.io-index)",
 "void 1.0.2 (registry+https://github.com/rust-lang/crates.io-index)",
]

[[package]]
name = "test-response"
version = "0.1.0"
dependencies = [
 "cortex-m 0.5.2 (registry+https://github.com/rust-lang/crates.io-index)",
 "cortex-m-rt 0.5.1 (registry+https://github.com/rust-lang/crates.io-index)",
 "light-cli 0.1.0 (git+https://github.com/rudihorn/light-cli)",
 "max31865 0.1.0",
 "panic-abort 0.1.1 (registry+https://github.com/rust-lang/crates.io-index)",
 "stm32f103xx-hal 0.1.0 (git+https://github.com/japaric/stm32f103xx-hal)",
]

[[package]]
name = "typenum"
version = "1.10.0"
source = "registry+https://github.com/rust-lang/crates.io-index"

[[package]]
name = "vcell"
version = "0.1.0"
source = "registry+https://github.com/rust-lang/crates.io-index"

[[package]]
name = "void"
version = "1.0.2"
source = "registry+https://github.com/rust-lang/crates.io-index"

[[package]]
name = "volatile-register"
version = "0.2.0"
source = "registry+https://github.com/rust-lang/crates.io-index"
dependencies = [
 "vcell 0.1.0 (registry+https://github.com/rust-lang/crates.io-index)",
]

[metadata]
"checksum aligned 0.2.0 (registry+https://github.com/rust-lang/crates.io-index)" = "d39da9b88ae1a81c03c9c082b8db83f1d0e93914126041962af61034ab44c4a5"
"checksum bare-metal 0.2.0 (registry+https://github.com/rust-lang/crates.io-index)" = "517bf6fd0a06665f8a6d094d3a520f1d0a989c3d114470a75a84a39204e69e96"
"checksum byteorder 1.2.3 (registry+https://github.com/rust-lang/crates.io-index)" = "74c0b906e9446b0a2e4f760cdb3fa4b2c48cdc6db8766a845c54b6ff063fd2e9"
"checksum cast 0.2.2 (registry+https://github.com/rust-lang/crates.io-index)" = "926013f2860c46252efceabb19f4a6b308197505082c609025aa6706c011d427"
"checksum cc 1.0.15 (registry+https://github.com/rust-lang/crates.io-index)" = "0ebb87d1116151416c0cf66a0e3fb6430cccd120fd6300794b4dfaa050ac40ba"
"checksum cortex-m 0.5.2 (registry+https://github.com/rust-lang/crates.io-index)" = "93ceb454f8942689dae03a0b1d6b6e866f30acb5358ada9698e71f2728cd4924"
"checksum cortex-m-rt 0.5.1 (registry+https://github.com/rust-lang/crates.io-index)" = "6d5c26952ec2bdfd3c66cddb22cb6432b042ca9ccda55762ebba68b73adbae5a"
"checksum cortex-m-semihosting 0.3.0 (registry+https://github.com/rust-lang/crates.io-index)" = "0b3d0df96d537c4f66dd9f4d1da21d83f9a5917990196925b3603be85e46071e"
"checksum embedded-hal 0.1.3 (registry+https://github.com/rust-lang/crates.io-index)" = "9b4bd5e4a997b10d2bda0b9845c141496c8c878f9c40310b3f9159539e668a06"
"checksum embedded-hal 0.2.1 (registry+https://github.com/rust-lang/crates.io-index)" = "26944677e4934eb5fb4025501dc0d6cdbcf6bfabd6200fcfee2e7e8eef8c0362"
"checksum generic-array 0.11.0 (registry+https://github.com/rust-lang/crates.io-index)" = "1591bdacf1a77bdef8af03f638ae9f05e9a7ee7e7de351104c2a014da364a82c"
"checksum hash32 0.1.0 (registry+https://github.com/rust-lang/crates.io-index)" = "12d790435639c06a7b798af9e1e331ae245b7ef915b92f70a39b4cf8c00686af"
"checksum heapless 0.3.6 (registry+https://github.com/rust-lang/crates.io-index)" = "b45a23f74df6b03355ecbca8a9c5109e7ddf23819e6c60df87429578e8e63d4f"
"checksum light-cli 0.1.0 (git+https://github.com/rudihorn/light-cli)" = "<none>"
"checksum nb 0.1.1 (registry+https://github.com/rust-lang/crates.io-index)" = "69f380b5fe9fab8c0d7a6a99cda23e2cc0463bedb2cbc3aada0813b98496ecdc"
"checksum panic-abort 0.1.1 (registry+https://github.com/rust-lang/crates.io-index)" = "75553c30311427a2d9f24a646fc8cedb00e1da1c6bd1608d71d634184c60392e"
"checksum panic-itm 0.1.1 (registry+https://github.com/rust-lang/crates.io-index)" = "1c609712b591aab525e5c7b75c72c4a124a497535163dc30cc1d65c536615ddb"
"checksum panic-semihosting 0.2.0 (registry+https://github.com/rust-lang/crates.io-index)" = "40c8cc147a3c82dd57f35e62d9e65d72cc35b13af67fca486fbc3ae1c2aeebed"
"checksum r0 0.2.2 (registry+https://github.com/rust-lang/crates.io-index)" = "e2a38df5b15c8d5c7e8654189744d8e396bddc18ad48041a500ce52d6948941f"
"checksum stm32f103xx 0.10.0 (registry+https://github.com/rust-lang/crates.io-index)" = "c0984862c7c29bd701be77ae20b77ad0bbaa7978ca48877d058b18cd3ec5342e"
"checksum stm32f103xx-hal 0.1.0 (git+https://github.com/japaric/stm32f103xx-hal)" = "<none>"
"checksum typenum 1.10.0 (registry+https://github.com/rust-lang/crates.io-index)" = "612d636f949607bdf9b123b4a6f6d966dedf3ff669f7f045890d3a4a73948169"
"checksum vcell 0.1.0 (registry+https://github.com/rust-lang/crates.io-index)" = "45c297f0afb6928cd08ab1ff9d95e99392595ea25ae1b5ecf822ff8764e57a0d"
"checksum void 1.0.2 (registry+https://github.com/rust-lang/crates.io-index)" = "6a02e4885ed3bc0f2de90ea6dd45ebcbb66dacffe03547fadbb0eeae2770887d"
"checksum volatile-register 0.2.0 (registry+https://github.com/rust-lang/crates.io-index)" = "0d67cb4616d99b940db1d6bd28844ff97108b498a6ca850e5b6191a532063286"
